
Microsoft Visual Studio Solution File, Format Version 12.00
# Visual Studio 15
Project("{FAE04EC0-301F-11D3-BF4B-00C04F79EFBC}") = "Assembly-CSharp", "Assembly-CSharp.csproj", "{08500685-97F1-26F2-571B-68B287BAA399}"
EndProject
Project("{FAE04EC0-301F-11D3-BF4B-00C04F79EFBC}") = "Assembly-CSharp-Editor", "Assembly-CSharp-Editor.csproj", "{D1B09429-D24F-CBBC-ABB8-6BD5EBD07FBC}"
EndProject
Global
	GlobalSection(SolutionConfigurationPlatforms) = preSolution
		Debug|Any CPU = Debug|Any CPU
		Release|Any CPU = Release|Any CPU
	EndGlobalSection
	GlobalSection(ProjectConfigurationPlatforms) = postSolution
		{08500685-97F1-26F2-571B-68B287BAA399}.Debug|Any CPU.ActiveCfg = Debug|Any CPU
		{08500685-97F1-26F2-571B-68B287BAA399}.Debug|Any CPU.Build.0 = Debug|Any CPU
		{08500685-97F1-26F2-571B-68B287BAA399}.Release|Any CPU.ActiveCfg = Release|Any CPU
		{08500685-97F1-26F2-571B-68B287BAA399}.Release|Any CPU.Build.0 = Release|Any CPU
		{D1B09429-D24F-CBBC-ABB8-6BD5EBD07FBC}.Debug|Any CPU.ActiveCfg = Debug|Any CPU
		{D1B09429-D24F-CBBC-ABB8-6BD5EBD07FBC}.Debug|Any CPU.Build.0 = Debug|Any CPU
		{D1B09429-D24F-CBBC-ABB8-6BD5EBD07FBC}.Release|Any CPU.ActiveCfg = Release|Any CPU
		{D1B09429-D24F-CBBC-ABB8-6BD5EBD07FBC}.Release|Any CPU.Build.0 = Release|Any CPU
	EndGlobalSection
	GlobalSection(SolutionProperties) = preSolution
		HideSolutionNode = FALSE
	EndGlobalSection
EndGlobal
